<?xml version="1.0" encoding="utf-8"?>
<Project ToolsVersion="4.0" xmlns="http://schemas.microsoft.com/developer/msbuild/2003">
  <ItemGroup>
    <Filter Include="Source Files">
      <UniqueIdentifier>{966b5ac7-4384-4ba0-98b6-a7afe9acec44}</UniqueIdentifier>
    </Filter>
    <Filter Include="Generated Files">
      <UniqueIdentifier>{5d780df1-c065-4a70-aa5b-cb342d081f11}</UniqueIdentifier>
      <SourceControlFiles>False</SourceControlFiles>
    </Filter>
  </ItemGroup>
  <ItemGroup>
    <None Include="PrimeServerps.def" />
  </ItemGroup>
  <ItemGroup>
    <ClCompile Include="PrimeServer_i.c">
      <Filter>Generated Files</Filter>
    </ClCompile>
    <ClCompile Include="PrimeServer_p.c">
      <Filter>Generated Files</Filter>
    </ClCompile>
    <ClCompile Include="dlldata.c">
      <Filter>Generated Files</Filter>
    </ClCompile>
  </ItemGroup>
</Project>