
Microsoft Visual Studio Solution File, Format Version 12.00
# Visual Studio 14
VisualStudioVersion = 14.0.24720.0
MinimumVisualStudioVersion = 10.0.40219.1
Project("{8BC9CEB8-8B4A-11D0-8D11-00A0C91BC942}") = "SysInfo", "SysInfo\SysInfo.vcxproj", "{F8438A0E-02D6-4D16-A46B-66379216D91B}"
EndProject
Project("{8BC9CEB8-8B4A-11D0-8D11-00A0C91BC942}") = "PrintDate", "PrintDate\PrintDate.vcxproj", "{BEDA3D72-EED6-4EED-AC55-644997AD77F6}"
EndProject
Project("{8BC9CEB8-8B4A-11D0-8D11-00A0C91BC942}") = "SaveWindowSize", "SaveWindowSize\SaveWindowSize.vcxproj", "{70BB9550-6462-4F36-8D4F-8C2D458BE438}"
EndProject
Global
	GlobalSection(SolutionConfigurationPlatforms) = preSolution
		Debug|x64 = Debug|x64
		Debug|x86 = Debug|x86
		Release|x64 = Release|x64
		Release|x86 = Release|x86
	EndGlobalSection
	GlobalSection(ProjectConfigurationPlatforms) = postSolution
		{F8438A0E-02D6-4D16-A46B-66379216D91B}.Debug|x64.ActiveCfg = Debug|x64
		{F8438A0E-02D6-4D16-A46B-66379216D91B}.Debug|x64.Build.0 = Debug|x64
		{F8438A0E-02D6-4D16-A46B-66379216D91B}.Debug|x86.ActiveCfg = Debug|Win32
		{F8438A0E-02D6-4D16-A46B-66379216D91B}.Debug|x86.Build.0 = Debug|Win32
		{F8438A0E-02D6-4D16-A46B-66379216D91B}.Release|x64.ActiveCfg = Release|x64
		{F8438A0E-02D6-4D16-A46B-66379216D91B}.Release|x64.Build.0 = Release|x64
		{F8438A0E-02D6-4D16-A46B-66379216D91B}.Release|x86.ActiveCfg = Release|Win32
		{F8438A0E-02D6-4D16-A46B-66379216D91B}.Release|x86.Build.0 = Release|Win32
		{BEDA3D72-EED6-4EED-AC55-644997AD77F6}.Debug|x64.ActiveCfg = Debug|x64
		{BEDA3D72-EED6-4EED-AC55-644997AD77F6}.Debug|x64.Build.0 = Debug|x64
		{BEDA3D72-EED6-4EED-AC55-644997AD77F6}.Debug|x86.ActiveCfg = Debug|Win32
		{BEDA3D72-EED6-4EED-AC55-644997AD77F6}.Debug|x86.Build.0 = Debug|Win32
		{BEDA3D72-EED6-4EED-AC55-644997AD77F6}.Release|x64.ActiveCfg = Release|x64
		{BEDA3D72-EED6-4EED-AC55-644997AD77F6}.Release|x64.Build.0 = Release|x64
		{BEDA3D72-EED6-4EED-AC55-644997AD77F6}.Release|x86.ActiveCfg = Release|Win32
		{BEDA3D72-EED6-4EED-AC55-644997AD77F6}.Release|x86.Build.0 = Release|Win32
		{70BB9550-6462-4F36-8D4F-8C2D458BE438}.Debug|x64.ActiveCfg = Debug|x64
		{70BB9550-6462-4F36-8D4F-8C2D458BE438}.Debug|x64.Build.0 = Debug|x64
		{70BB9550-6462-4F36-8D4F-8C2D458BE438}.Debug|x86.ActiveCfg = Debug|Win32
		{70BB9550-6462-4F36-8D4F-8C2D458BE438}.Debug|x86.Build.0 = Debug|Win32
		{70BB9550-6462-4F36-8D4F-8C2D458BE438}.Release|x64.ActiveCfg = Release|x64
		{70BB9550-6462-4F36-8D4F-8C2D458BE438}.Release|x64.Build.0 = Release|x64
		{70BB9550-6462-4F36-8D4F-8C2D458BE438}.Release|x86.ActiveCfg = Release|Win32
		{70BB9550-6462-4F36-8D4F-8C2D458BE438}.Release|x86.Build.0 = Release|Win32
	EndGlobalSection
	GlobalSection(SolutionProperties) = preSolution
		HideSolutionNode = FALSE
	EndGlobalSection
EndGlobal
